
Microsoft Visual Studio Solution File, Format Version 12.00
# Visual Studio 14
VisualStudioVersion = 14.0.25420.1
MinimumVisualStudioVersion = 10.0.40219.1
Project("{FAE04EC0-301F-11D3-BF4B-00C04F79EFBC}") = "Assessment2", "Assessment2\Assessment2.csproj", "{86592EAF-9E87-46C3-A2B2-9A13A2E928FA}"
EndProject
Global
	GlobalSection(SolutionConfigurationPlatforms) = preSolution
		Debug|Any CPU = Debug|Any CPU
		Release|Any CPU = Release|Any CPU
	EndGlobalSection
	GlobalSection(ProjectConfigurationPlatforms) = postSolution
		{86592EAF-9E87-46C3-A2B2-9A13A2E928FA}.Debug|Any CPU.ActiveCfg = Debug|Any CPU
		{86592EAF-9E87-46C3-A2B2-9A13A2E928FA}.Debug|Any CPU.Build.0 = Debug|Any CPU
		{86592EAF-9E87-46C3-A2B2-9A13A2E928FA}.Release|Any CPU.ActiveCfg = Release|Any CPU
		{86592EAF-9E87-46C3-A2B2-9A13A2E928FA}.Release|Any CPU.Build.0 = Release|Any CPU
	EndGlobalSection
	GlobalSection(SolutionProperties) = preSolution
		HideSolutionNode = FALSE
	EndGlobalSection
EndGlobal
